
Microsoft Visual Studio Solution File, Format Version 12.00
# Visual Studio Version 16
VisualStudioVersion = 16.0.32228.343
MinimumVisualStudioVersion = 10.0.40219.1
Project("{FAE04EC0-301F-11D3-BF4B-00C04F79EFBC}") = "AdminTool", "AdminTool.csproj", "{AAB1A0AC-067D-4336-9E23-73C6AC2BE371}"
EndProject
Global
	GlobalSection(SolutionConfigurationPlatforms) = preSolution
		Debug|Any CPU = Debug|Any CPU
		Release|Any CPU = Release|Any CPU
	EndGlobalSection
	GlobalSection(ProjectConfigurationPlatforms) = postSolution
		{AAB1A0AC-067D-4336-9E23-73C6AC2BE371}.Debug|Any CPU.ActiveCfg = Debug|Any CPU
		{AAB1A0AC-067D-4336-9E23-73C6AC2BE371}.Debug|Any CPU.Build.0 = Debug|Any CPU
		{AAB1A0AC-067D-4336-9E23-73C6AC2BE371}.Release|Any CPU.ActiveCfg = Release|Any CPU
		{AAB1A0AC-067D-4336-9E23-73C6AC2BE371}.Release|Any CPU.Build.0 = Release|Any CPU
	EndGlobalSection
	GlobalSection(SolutionProperties) = preSolution
		HideSolutionNode = FALSE
	EndGlobalSection
	GlobalSection(ExtensibilityGlobals) = postSolution
		SolutionGuid = {CBD9E3A2-8224-4963-9568-B38B6D2118B0}
	EndGlobalSection
EndGlobal
